Microsoft Visual Studio Solution File, Format Version 12.00
# Visual Studio Version 17
VisualStudioVersion = 17.5.2.0
MinimumVisualStudioVersion = 10.0.40219.1
Project("{FAE04EC0-301F-11D3-BF4B-00C04F79EFBC}") = "dart-reposit-rio-poo", "dart-reposit-rio-poo.csproj", "{8D51CDE2-5821-7FCB-B3CB-790CDE3DA222}"
EndProject
Global
	GlobalSection(SolutionConfigurationPlatforms) = preSolution
		Debug|Any CPU = Debug|Any CPU
		Release|Any CPU = Release|Any CPU
	EndGlobalSection
	GlobalSection(ProjectConfigurationPlatforms) = postSolution
		{8D51CDE2-5821-7FCB-B3CB-790CDE3DA222}.Debug|Any CPU.ActiveCfg = Debug|Any CPU
		{8D51CDE2-5821-7FCB-B3CB-790CDE3DA222}.Debug|Any CPU.Build.0 = Debug|Any CPU
		{8D51CDE2-5821-7FCB-B3CB-790CDE3DA222}.Release|Any CPU.ActiveCfg = Release|Any CPU
		{8D51CDE2-5821-7FCB-B3CB-790CDE3DA222}.Release|Any CPU.Build.0 = Release|Any CPU
	EndGlobalSection
	GlobalSection(SolutionProperties) = preSolution
		HideSolutionNode = FALSE
	EndGlobalSection
	GlobalSection(ExtensibilityGlobals) = postSolution
		SolutionGuid = {1321EB1E-E7A2-461F-8C02-7BC91FC392D1}
	EndGlobalSection
EndGlobal
